
Microsoft Visual Studio Solution File, Format Version 12.00
# Visual Studio Version 17
VisualStudioVersion = 17.6.33829.357
MinimumVisualStudioVersion = 10.0.40219.1
Project("{FAE04EC0-301F-11D3-BF4B-00C04F79EFBC}") = "Sharpedex", "Sharpedex.csproj", "{E60D39C2-F460-475D-BC54-C34F2F4F9B82}"
EndProject
Global
	GlobalSection(SolutionConfigurationPlatforms) = preSolution
		Debug|Any CPU = Debug|Any CPU
		Release|Any CPU = Release|Any CPU
	EndGlobalSection
	GlobalSection(ProjectConfigurationPlatforms) = postSolution
		{E60D39C2-F460-475D-BC54-C34F2F4F9B82}.Debug|Any CPU.ActiveCfg = Debug|Any CPU
		{E60D39C2-F460-475D-BC54-C34F2F4F9B82}.Debug|Any CPU.Build.0 = Debug|Any CPU
		{E60D39C2-F460-475D-BC54-C34F2F4F9B82}.Release|Any CPU.ActiveCfg = Release|Any CPU
		{E60D39C2-F460-475D-BC54-C34F2F4F9B82}.Release|Any CPU.Build.0 = Release|Any CPU
	EndGlobalSection
	GlobalSection(SolutionProperties) = preSolution
		HideSolutionNode = FALSE
	EndGlobalSection
	GlobalSection(ExtensibilityGlobals) = postSolution
		SolutionGuid = {58E06D12-DBD3-4236-A66F-64CE04A889F6}
	EndGlobalSection
EndGlobal
