
Microsoft Visual Studio Solution File, Format Version 12.00
# Visual Studio Version 17
VisualStudioVersion = 17.6.33829.357
MinimumVisualStudioVersion = 10.0.40219.1
Project("{9A19103F-16F7-4668-BE54-9A1E7A4F7556}") = "Sharpedex", "Sharpedex.csproj", "{E60D39C2-F460-475D-BC54-C34F2F4F9B82}"
EndProject
Project("{9A19103F-16F7-4668-BE54-9A1E7A4F7556}") = "Sharpi", "..\Sharpi\Sharpi.csproj", "{3EF2C4C0-1310-41B5-9238-222AC9BF8C4D}"
EndProject
Project("{FAE04EC0-301F-11D3-BF4B-00C04F79EFBC}") = "myQ", "..\myQ\myQ.csproj", "{9A612BA5-B1CB-4BA7-B8CC-0FDA66966937}"
EndProject
Global
	GlobalSection(SolutionConfigurationPlatforms) = preSolution
		Debug|Any CPU = Debug|Any CPU
		Release|Any CPU = Release|Any CPU
	EndGlobalSection
	GlobalSection(ProjectConfigurationPlatforms) = postSolution
		{E60D39C2-F460-475D-BC54-C34F2F4F9B82}.Debug|Any CPU.ActiveCfg = Debug|Any CPU
		{E60D39C2-F460-475D-BC54-C34F2F4F9B82}.Debug|Any CPU.Build.0 = Debug|Any CPU
		{E60D39C2-F460-475D-BC54-C34F2F4F9B82}.Release|Any CPU.ActiveCfg = Release|Any CPU
		{E60D39C2-F460-475D-BC54-C34F2F4F9B82}.Release|Any CPU.Build.0 = Release|Any CPU
		{3EF2C4C0-1310-41B5-9238-222AC9BF8C4D}.Debug|Any CPU.ActiveCfg = Debug|Any CPU
		{3EF2C4C0-1310-41B5-9238-222AC9BF8C4D}.Debug|Any CPU.Build.0 = Debug|Any CPU
		{3EF2C4C0-1310-41B5-9238-222AC9BF8C4D}.Release|Any CPU.ActiveCfg = Release|Any CPU
		{3EF2C4C0-1310-41B5-9238-222AC9BF8C4D}.Release|Any CPU.Build.0 = Release|Any CPU
		{9A612BA5-B1CB-4BA7-B8CC-0FDA66966937}.Debug|Any CPU.ActiveCfg = Debug|Any CPU
		{9A612BA5-B1CB-4BA7-B8CC-0FDA66966937}.Debug|Any CPU.Build.0 = Debug|Any CPU
		{9A612BA5-B1CB-4BA7-B8CC-0FDA66966937}.Release|Any CPU.ActiveCfg = Release|Any CPU
		{9A612BA5-B1CB-4BA7-B8CC-0FDA66966937}.Release|Any CPU.Build.0 = Release|Any CPU
	EndGlobalSection
	GlobalSection(SolutionProperties) = preSolution
		HideSolutionNode = FALSE
	EndGlobalSection
	GlobalSection(ExtensibilityGlobals) = postSolution
		SolutionGuid = {58E06D12-DBD3-4236-A66F-64CE04A889F6}
	EndGlobalSection
EndGlobal
